
Microsoft Visual Studio Solution File, Format Version 12.00
# Visual Studio Version 16
VisualStudioVersion = 16.0.29806.167
MinimumVisualStudioVersion = 10.0.40219.1
Project("{FAE04EC0-301F-11D3-BF4B-00C04F79EFBC}") = "exercise 2", "exercise 2.csproj", "{051AA387-8172-49C7-A169-4B0CAEAE4963}"
EndProject
Global
	GlobalSection(SolutionConfigurationPlatforms) = preSolution
		Debug|Any CPU = Debug|Any CPU
		Release|Any CPU = Release|Any CPU
	EndGlobalSection
	GlobalSection(ProjectConfigurationPlatforms) = postSolution
		{051AA387-8172-49C7-A169-4B0CAEAE4963}.Debug|Any CPU.ActiveCfg = Debug|Any CPU
		{051AA387-8172-49C7-A169-4B0CAEAE4963}.Debug|Any CPU.Build.0 = Debug|Any CPU
		{051AA387-8172-49C7-A169-4B0CAEAE4963}.Release|Any CPU.ActiveCfg = Release|Any CPU
		{051AA387-8172-49C7-A169-4B0CAEAE4963}.Release|Any CPU.Build.0 = Release|Any CPU
	EndGlobalSection
	GlobalSection(SolutionProperties) = preSolution
		HideSolutionNode = FALSE
	EndGlobalSection
	GlobalSection(ExtensibilityGlobals) = postSolution
		SolutionGuid = {E1903F2A-08CC-4DD7-AE75-61AC3C549BD3}
	EndGlobalSection
EndGlobal
